// !$*UTF8*$!
{
	archiveVersion = 1;
	classes = {
	};
	objectVersion = 56;
	objects = {

/* Begin PBXBuildFile section */
		FAE24CC528FE0DC6007413BA /* AppDelegate.swift in Sources */ = {isa = PBXBuildFile; fileRef = FAE24CC428FE0DC6007413BA /* AppDelegate.swift */; };
		FAE24CC728FE0DC6007413BA /* SceneDelegate.swift in Sources */ = {isa = PBXBuildFile; fileRef = FAE24CC628FE0DC6007413BA /* SceneDelegate.swift */; };
		FAE24CC928FE0DC6007413BA /* ViewController.swift in Sources */ = {isa = PBXBuildFile; fileRef = FAE24CC828FE0DC6007413BA /* ViewController.swift */; };
		FAE24CCC28FE0DC6007413BA /* Main.storyboard in Resources */ = {isa = PBXBuildFile; fileRef = FAE24CCA28FE0DC6007413BA /* Main.storyboard */; };
		FAE24CCE28FE0DC8007413BA /* Assets.xcassets in Resources */ = {isa = PBXBuildFile; fileRef = FAE24CCD28FE0DC8007413BA /* Assets.xcassets */; };
		FAE24CD128FE0DC8007413BA /* LaunchScreen.storyboard in Resources */ = {isa = PBXBuildFile; fileRef = FAE24CCF28FE0DC8007413BA /* LaunchScreen.storyboard */; };
		FAE24CDB28FE127C007413BA /* NewsApi.swift in Sources */ = {isa = PBXBuildFile; fileRef = FAE24CDA28FE127C007413BA /* NewsApi.swift */; };
		FAE24CDD28FE12C2007413BA /* Article.swift in Sources */ = {isa = PBXBuildFile; fileRef = FAE24CDC28FE12C2007413BA /* Article.swift */; };
		FAE24CDF28FE5236007413BA /* RandomUser.swift in Sources */ = {isa = PBXBuildFile; fileRef = FAE24CDE28FE5236007413BA /* RandomUser.swift */; };
		FAE24CE328FE53A0007413BA /* Universities.swift in Sources */ = {isa = PBXBuildFile; fileRef = FAE24CE228FE53A0007413BA /* Universities.swift */; };
/* End PBXBuildFile section */

/* Begin PBXFileReference section */
		FAE24CC128FE0DC6007413BA /* ChooseAnApi.app */ = {isa = PBXFileReference; explicitFileType = wrapper.application; includeInIndex = 0; path = ChooseAnApi.app; sourceTree = BUILT_PRODUCTS_DIR; };
		FAE24CC428FE0DC6007413BA /* AppDelegate.swift */ = {isa = PBXFileReference; lastKnownFileType = sourcecode.swift; path = AppDelegate.swift; sourceTree = "<group>"; };
		FAE24CC628FE0DC6007413BA /* SceneDelegate.swift */ = {isa = PBXFileReference; lastKnownFileType = sourcecode.swift; path = SceneDelegate.swift; sourceTree = "<group>"; };
		FAE24CC828FE0DC6007413BA /* ViewController.swift */ = {isa = PBXFileReference; lastKnownFileType = sourcecode.swift; path = ViewController.swift; sourceTree = "<group>"; };
		FAE24CCB28FE0DC6007413BA /* Base */ = {isa = PBXFileReference; lastKnownFileType = file.storyboard; name = Base; path = Base.lproj/Main.storyboard; sourceTree = "<group>"; };
		FAE24CCD28FE0DC8007413BA /* Assets.xcassets */ = {isa = PBXFileReference; lastKnownFileType = folder.assetcatalog; path = Assets.xcassets; sourceTree = "<group>"; };
		FAE24CD028FE0DC8007413BA /* Base */ = {isa = PBXFileReference; lastKnownFileType = file.storyboard; name = Base; path = Base.lproj/LaunchScreen.storyboard; sourceTree = "<group>"; };
		FAE24CD228FE0DC8007413BA /* Info.plist */ = {isa = PBXFileReference; lastKnownFileType = text.plist.xml; path = Info.plist; sourceTree = "<group>"; };
		FAE24CDA28FE127C007413BA /* NewsApi.swift */ = {isa = PBXFileReference; lastKnownFileType = sourcecode.swift; path = NewsApi.swift; sourceTree = "<group>"; };
		FAE24CDC28FE12C2007413BA /* Article.swift */ = {isa = PBXFileReference; lastKnownFileType = sourcecode.swift; path = Article.swift; sourceTree = "<group>"; };
		FAE24CDE28FE5236007413BA /* RandomUser.swift */ = {isa = PBXFileReference; lastKnownFileType = sourcecode.swift; path = RandomUser.swift; sourceTree = "<group>"; };
		FAE24CE228FE53A0007413BA /* Universities.swift */ = {isa = PBXFileReference; lastKnownFileType = sourcecode.swift; path = Universities.swift; sourceTree = "<group>"; };
/* End PBXFileReference section */

/* Begin PBXFrameworksBuildPhase section */
		FAE24CBE28FE0DC6007413BA /* Frameworks */ = {
			isa = PBXFrameworksBuildPhase;
			buildActionMask = 2147483647;
			files = (
			);
			runOnlyForDeploymentPostprocessing = 0;
		};
/* End PBXFrameworksBuildPhase section */

/* Begin PBXGroup section */
		FAE24CB828FE0DC6007413BA = {
			isa = PBXGroup;
			children = (
				FAE24CC328FE0DC6007413BA /* ChooseAnApi */,
				FAE24CC228FE0DC6007413BA /* Products */,
			);
			sourceTree = "<group>";
		};
		FAE24CC228FE0DC6007413BA /* Products */ = {
			isa = PBXGroup;
			children = (
				FAE24CC128FE0DC6007413BA /* ChooseAnApi.app */,
			);
			name = Products;
			sourceTree = "<group>";
		};
		FAE24CC328FE0DC6007413BA /* ChooseAnApi */ = {
			isa = PBXGroup;
			children = (
				FAE24CC428FE0DC6007413BA /* AppDelegate.swift */,
				FAE24CC628FE0DC6007413BA /* SceneDelegate.swift */,
				FAE24CDA28FE127C007413BA /* NewsApi.swift */,
				FAE24CDE28FE5236007413BA /* RandomUser.swift */,
				FAE24CE228FE53A0007413BA /* Universities.swift */,
				FAE24CC828FE0DC6007413BA /* ViewController.swift */,
				FAE24CCA28FE0DC6007413BA /* Main.storyboard */,
				FAE24CDC28FE12C2007413BA /* Article.swift */,
				FAE24CCD28FE0DC8007413BA /* Assets.xcassets */,
				FAE24CCF28FE0DC8007413BA /* LaunchScreen.storyboard */,
				FAE24CD228FE0DC8007413BA /* Info.plist */,
			);
			path = ChooseAnApi;
			sourceTree = "<group>";
		};
/* End PBXGroup section */

/* Begin PBXNativeTarget section */
		FAE24CC028FE0DC6007413BA /* ChooseAnApi */ = {
			isa = PBXNativeTarget;
			buildConfigurationList = FAE24CD528FE0DC8007413BA /* Build configuration list for PBXNativeTarget "ChooseAnApi" */;
			buildPhases = (
				FAE24CBD28FE0DC6007413BA /* Sources */,
				FAE24CBE28FE0DC6007413BA /* Frameworks */,
				FAE24CBF28FE0DC6007413BA /* Resources */,
			);
			buildRules = (
			);
			dependencies = (
			);
			name = ChooseAnApi;
			productName = ChooseAnApi;
			productReference = FAE24CC128FE0DC6007413BA /* ChooseAnApi.app */;
			productType = "com.apple.product-type.application";
		};
/* End PBXNativeTarget section */

/* Begin PBXProject section */
		FAE24CB928FE0DC6007413BA /* Project object */ = {
			isa = PBXProject;
			attributes = {
				BuildIndependentTargetsInParallel = 1;
				LastSwiftUpdateCheck = 1400;
				LastUpgradeCheck = 1400;
				TargetAttributes = {
					FAE24CC028FE0DC6007413BA = {
						CreatedOnToolsVersion = 14.0.1;
					};
				};
			};
			buildConfigurationList = FAE24CBC28FE0DC6007413BA /* Build configuration list for PBXProject "ChooseAnApi" */;
			compatibilityVersion = "Xcode 14.0";
			developmentRegion = en;
			hasScannedForEncodings = 0;
			knownRegions = (
				en,
				Base,
			);
			mainGroup = FAE24CB828FE0DC6007413BA;
			productRefGroup = FAE24CC228FE0DC6007413BA /* Products */;
			projectDirPath = "";
			projectRoot = "";
			targets = (
				FAE24CC028FE0DC6007413BA /* ChooseAnApi */,
			);
		};
/* End PBXProject section */

/* Begin PBXResourcesBuildPhase section */
		FAE24CBF28FE0DC6007413BA /* Resources */ = {
			isa = PBXResourcesBuildPhase;
			buildActionMask = 2147483647;
			files = (
				FAE24CD128FE0DC8007413BA /* LaunchScreen.storyboard in Resources */,
				FAE24CCE28FE0DC8007413BA /* Assets.xcassets in Resources */,
				FAE24CCC28FE0DC6007413BA /* Main.storyboard in Resources */,
			);
			runOnlyForDeploymentPostprocessing = 0;
		};
/* End PBXResourcesBuildPhase section */

/* Begin PBXSourcesBuildPhase section */
		FAE24CBD28FE0DC6007413BA /* Sources */ = {
			isa = PBXSourcesBuildPhase;
			buildActionMask = 2147483647;
			files = (
				FAE24CC928FE0DC6007413BA /* ViewController.swift in Sources */,
				FAE24CC528FE0DC6007413BA /* AppDelegate.swift in Sources */,
				FAE24CC728FE0DC6007413BA /* SceneDelegate.swift in Sources */,
				FAE24CDB28FE127C007413BA /* NewsApi.swift in Sources */,
				FAE24CDD28FE12C2007413BA /* Article.swift in Sources */,
				FAE24CDF28FE5236007413BA /* RandomUser.swift in Sources */,
				FAE24CE328FE53A0007413BA /* Universities.swift in Sources */,
			);
			runOnlyForDeploymentPostprocessing = 0;
		};
/* End PBXSourcesBuildPhase section */

/* Begin PBXVariantGroup section */
		FAE24CCA28FE0DC6007413BA /* Main.storyboard */ = {
			isa = PBXVariantGroup;
			children = (
				FAE24CCB28FE0DC6007413BA /* Base */,
			);
			name = Main.storyboard;
			sourceTree = "<group>";
		};
		FAE24CCF28FE0DC8007413BA /* LaunchScreen.storyboard */ = {
			isa = PBXVariantGroup;
			children = (
				FAE24CD028FE0DC8007413BA /* Base */,
			);
			name = LaunchScreen.storyboard;
			sourceTree = "<group>";
		};
/* End PBXVariantGroup section */

/* Begin XCBuildConfiguration section */
		FAE24CD328FE0DC8007413BA /* Debug */ = {
			isa = XCBuildConfiguration;
			buildSettings = {
				ALWAYS_SEARCH_USER_PATHS = NO;
				CLANG_ANALYZER_NONNULL = YES;
				CLANG_ANALYZER_NUMBER_OBJECT_CONVERSION = YES_AGGRESSIVE;
				CLANG_CXX_LANGUAGE_STANDARD = "gnu++20";
				CLANG_ENABLE_MODULES = YES;
				CLANG_ENABLE_OBJC_ARC = YES;
				CLANG_ENABLE_OBJC_WEAK = YES;
				CLANG_WARN_BLOCK_CAPTURE_AUTORELEASING = YES;
				CLANG_WARN_BOOL_CONVERSION = YES;
				CLANG_WARN_COMMA = YES;
				CLANG_WARN_CONSTANT_CONVERSION = YES;
				CLANG_WARN_DEPRECATED_OBJC_IMPLEMENTATIONS = YES;
				CLANG_WARN_DIRECT_OBJC_ISA_USAGE = YES_ERROR;
				CLANG_WARN_DOCUMENTATION_COMMENTS = YES;
				CLANG_WARN_EMPTY_BODY = YES;
				CLANG_WARN_ENUM_CONVERSION = YES;
				CLANG_WARN_INFINITE_RECURSION = YES;
				CLANG_WARN_INT_CONVERSION = YES;
				CLANG_WARN_NON_LITERAL_NULL_CONVERSION = YES;
				CLANG_WARN_OBJC_IMPLICIT_RETAIN_SELF = YES;
				CLANG_WARN_OBJC_LITERAL_CONVERSION = YES;
				CLANG_WARN_OBJC_ROOT_CLASS = YES_ERROR;
				CLANG_WARN_QUOTED_INCLUDE_IN_FRAMEWORK_HEADER = YES;
				CLANG_WARN_RANGE_LOOP_ANALYSIS = YES;
				CLANG_WARN_STRICT_PROTOTYPES = YES;
				CLANG_WARN_SUSPICIOUS_MOVE = YES;
				CLANG_WARN_UNGUARDED_AVAILABILITY = YES_AGGRESSIVE;
				CLANG_WARN_UNREACHABLE_CODE = YES;
				CLANG_WARN__DUPLICATE_METHOD_MATCH = YES;
				COPY_PHASE_STRIP = NO;
				DEBUG_INFORMATION_FORMAT = dwarf;
				ENABLE_STRICT_OBJC_MSGSEND = YES;
				ENABLE_TESTABILITY = YES;
				GCC_C_LANGUAGE_STANDARD = gnu11;
				GCC_DYNAMIC_NO_PIC = NO;
				GCC_NO_COMMON_BLOCKS = YES;
				GCC_OPTIMIZATION_LEVEL = 0;
				GCC_PREPROCESSOR_DEFINITIONS = (
					"DEBUG=1",
					"$(inherited)",
				);
				GCC_WARN_64_TO_32_BIT_CONVERSION = YES;
				GCC_WARN_ABOUT_RETURN_TYPE = YES_ERROR;
				GCC_WARN_UNDECLARED_SELECTOR = YES;
				GCC_WARN_UNINITIALIZED_AUTOS = YES_AGGRESSIVE;
				GCC_WARN_UNUSED_FUNCTION = YES;
				GCC_WARN_UNUSED_VARIABLE = YES;
				IPHONEOS_DEPLOYMENT_TARGET = 16.0;
				MTL_ENABLE_DEBUG_INFO = INCLUDE_SOURCE;
				MTL_FAST_MATH = YES;
				ONLY_ACTIVE_ARCH = YES;
				SDKROOT = iphoneos;
				SWIFT_ACTIVE_COMPILATION_CONDITIONS = DEBUG;
				SWIFT_OPTIMIZATION_LEVEL = "-Onone";
			};
			name = Debug;
		};
		FAE24CD428FE0DC8007413BA /* Release */ = {
			isa = XCBuildConfiguration;
			buildSettings = {
				ALWAYS_SEARCH_USER_PATHS = NO;
				CLANG_ANALYZER_NONNULL = YES;
				CLANG_ANALYZER_NUMBER_OBJECT_CONVERSION = YES_AGGRESSIVE;
				CLANG_CXX_LANGUAGE_STANDARD = "gnu++20";
				CLANG_ENABLE_MODULES = YES;
				CLANG_ENABLE_OBJC_ARC = YES;
				CLANG_ENABLE_OBJC_WEAK = YES;
				CLANG_WARN_BLOCK_CAPTURE_AUTORELEASING = YES;
				CLANG_WARN_BOOL_CONVERSION = YES;
				CLANG_WARN_COMMA = YES;
				CLANG_WARN_CONSTANT_CONVERSION = YES;
				CLANG_WARN_DEPRECATED_OBJC_IMPLEMENTATIONS = YES;
				CLANG_WARN_DIRECT_OBJC_ISA_USAGE = YES_ERROR;
				CLANG_WARN_DOCUMENTATION_COMMENTS = YES;
				CLANG_WARN_EMPTY_BODY = YES;
				CLANG_WARN_ENUM_CONVERSION = YES;
				CLANG_WARN_INFINITE_RECURSION = YES;
				CLANG_WARN_INT_CONVERSION = YES;
				CLANG_WARN_NON_LITERAL_NULL_CONVERSION = YES;
				CLANG_WARN_OBJC_IMPLICIT_RETAIN_SELF = YES;
				CLANG_WARN_OBJC_LITERAL_CONVERSION = YES;
				CLANG_WARN_OBJC_ROOT_CLASS = YES_ERROR;
				CLANG_WARN_QUOTED_INCLUDE_IN_FRAMEWORK_HEADER = YES;
				CLANG_WARN_RANGE_LOOP_ANALYSIS = YES;
				CLANG_WARN_STRICT_PROTOTYPES = YES;
				CLANG_WARN_SUSPICIOUS_MOVE = YES;
				CLANG_WARN_UNGUARDED_AVAILABILITY = YES_AGGRESSIVE;
				CLANG_WARN_UNREACHABLE_CODE = YES;
				CLANG_WARN__DUPLICATE_METHOD_MATCH = YES;
				COPY_PHASE_STRIP = NO;
				DEBUG_INFORMATION_FORMAT = "dwarf-with-dsym";
				ENABLE_NS_ASSERTIONS = NO;
				ENABLE_STRICT_OBJC_MSGSEND = YES;
				GCC_C_LANGUAGE_STANDARD = gnu11;
				GCC_NO_COMMON_BLOCKS = YES;
				GCC_WARN_64_TO_32_BIT_CONVERSION = YES;
				GCC_WARN_ABOUT_RETURN_TYPE = YES_ERROR;
				GCC_WARN_UNDECLARED_SELECTOR = YES;
				GCC_WARN_UNINITIALIZED_AUTOS = YES_AGGRESSIVE;
				GCC_WARN_UNUSED_FUNCTION = YES;
				GCC_WARN_UNUSED_VARIABLE = YES;
				IPHONEOS_DEPLOYMENT_TARGET = 16.0;
				MTL_ENABLE_DEBUG_INFO = NO;
				MTL_FAST_MATH = YES;
				SDKROOT = iphoneos;
				SWIFT_COMPILATION_MODE = wholemodule;
				SWIFT_OPTIMIZATION_LEVEL = "-O";
				VALIDATE_PRODUCT = YES;
			};
			name = Release;
		};
		FAE24CD628FE0DC8007413BA /* Debug */ = {
			isa = XCBuildConfiguration;
			buildSettings = {
				ASSETCATALOG_COMPILER_APPICON_NAME = AppIcon;
				ASSETCATALOG_COMPILER_GLOBAL_ACCENT_COLOR_NAME = AccentColor;
				CODE_SIGN_STYLE = Automatic;
				CURRENT_PROJECT_VERSION = 1;
				GENERATE_INFOPLIST_FILE = YES;
				INFOPLIST_FILE = ChooseAnApi/Info.plist;
				INFOPLIST_KEY_UIApplicationSupportsIndirectInputEvents = YES;
				INFOPLIST_KEY_UILaunchStoryboardName = LaunchScreen;
				INFOPLIST_KEY_UIMainStoryboardFile = Main;
				INFOPLIST_KEY_UISupportedInterfaceOrientations_iPad = "UIInterfaceOrientationPortrait UIInterfaceOrientationPortraitUpsideDown UIInterfaceOrientationLandscapeLeft UIInterfaceOrientationLandscapeRight";
				INFOPLIST_KEY_UISupportedInterfaceOrientations_iPhone = "UIInterfaceOrientationPortrait UIInterfaceOrientationLandscapeLeft UIInterfaceOrientationLandscapeRight";
				LD_RUNPATH_SEARCH_PATHS = (
					"$(inherited)",
					"@executable_path/Frameworks",
				);
				MARKETING_VERSION = 1.0;
				PRODUCT_BUNDLE_IDENTIFIER = cambrianISP.ChooseAnApi;
				PRODUCT_NAME = "$(TARGET_NAME)";
				SWIFT_EMIT_LOC_STRINGS = YES;
				SWIFT_VERSION = 5.0;
				TARGETED_DEVICE_FAMILY = "1,2";
			};
			name = Debug;
		};
		FAE24CD728FE0DC8007413BA /* Release */ = {
			isa = XCBuildConfiguration;
			buildSettings = {
				ASSETCATALOG_COMPILER_APPICON_NAME = AppIcon;
				ASSETCATALOG_COMPILER_GLOBAL_ACCENT_COLOR_NAME = AccentColor;
				CODE_SIGN_STYLE = Automatic;
				CURRENT_PROJECT_VERSION = 1;
				GENERATE_INFOPLIST_FILE = YES;
				INFOPLIST_FILE = ChooseAnApi/Info.plist;
				INFOPLIST_KEY_UIApplicationSupportsIndirectInputEvents = YES;
				INFOPLIST_KEY_UILaunchStoryboardName = LaunchScreen;
				INFOPLIST_KEY_UIMainStoryboardFile = Main;
				INFOPLIST_KEY_UISupportedInterfaceOrientations_iPad = "UIInterfaceOrientationPortrait UIInterfaceOrientationPortraitUpsideDown UIInterfaceOrientationLandscapeLeft UIInterfaceOrientationLandscapeRight";
				INFOPLIST_KEY_UISupportedInterfaceOrientations_iPhone = "UIInterfaceOrientationPortrait UIInterfaceOrientationLandscapeLeft UIInterfaceOrientationLandscapeRight";
				LD_RUNPATH_SEARCH_PATHS = (
					"$(inherited)",
					"@executable_path/Frameworks",
				);
				MARKETING_VERSION = 1.0;
				PRODUCT_BUNDLE_IDENTIFIER = cambrianISP.ChooseAnApi;
				PRODUCT_NAME = "$(TARGET_NAME)";
				SWIFT_EMIT_LOC_STRINGS = YES;
				SWIFT_VERSION = 5.0;
				TARGETED_DEVICE_FAMILY = "1,2";
			};
			name = Release;
		};
/* End XCBuildConfiguration section */

/* Begin XCConfigurationList section */
		FAE24CBC28FE0DC6007413BA /* Build configuration list for PBXProject "ChooseAnApi" */ = {
			isa = XCConfigurationList;
			buildConfigurations = (
				FAE24CD328FE0DC8007413BA /* Debug */,
				FAE24CD428FE0DC8007413BA /* Release */,
			);
			defaultConfigurationIsVisible = 0;
			defaultConfigurationName = Release;
		};
		FAE24CD528FE0DC8007413BA /* Build configuration list for PBXNativeTarget "ChooseAnApi" */ = {
			isa = XCConfigurationList;
			buildConfigurations = (
				FAE24CD628FE0DC8007413BA /* Debug */,
				FAE24CD728FE0DC8007413BA /* Release */,
			);
			defaultConfigurationIsVisible = 0;
			defaultConfigurationName = Release;
		};
/* End XCConfigurationList section */
	};
	rootObject = FAE24CB928FE0DC6007413BA /* Project object */;
}
